{
  "name": "magento2-cookie-consent",
  "version": "1.0.0",
  "lockfileVersion": 3,
  "requires": true,
  "packages": {
    "": {
      "name": "magento2-cookie-consent",
      "version": "1.0.0",
      "hasInstallScript": true,
      "license": "ISC",
      "dependencies": {
        "vanilla-cookieconsent": "^3.0.0"
      }
    },
    "node_modules/vanilla-cookieconsent": {
      "version": "3.0.0",
      "resolved": "https://registry.npmjs.org/vanilla-cookieconsent/-/vanilla-cookieconsent-3.0.0.tgz",
      "integrity": "sha512-oeK7FivRDb424mt3/UT8DG98Pu5m6Uuye7JsdzO6HnYkstW5QHXhkslXyUpE3phtKz3NEeIo7hzLUtfRNRMfbQ=="
    }
  }
}
